
Microsoft Visual Studio Solution File, Format Version 12.00
# Visual Studio Version 17
VisualStudioVersion = 17.9.34607.119
MinimumVisualStudioVersion = 10.0.40219.1
Project("{FAE04EC0-301F-11D3-BF4B-00C04F79EFBC}") = "EtelTarolas", "EtelTarolas\EtelTarolas.csproj", "{A8BF6015-CC41-46A1-8F93-2E493E257521}"
EndProject
Global
	GlobalSection(SolutionConfigurationPlatforms) = preSolution
		Debug|Any CPU = Debug|Any CPU
		Release|Any CPU = Release|Any CPU
	EndGlobalSection
	GlobalSection(ProjectConfigurationPlatforms) = postSolution
		{A8BF6015-CC41-46A1-8F93-2E493E257521}.Debug|Any CPU.ActiveCfg = Debug|Any CPU
		{A8BF6015-CC41-46A1-8F93-2E493E257521}.Debug|Any CPU.Build.0 = Debug|Any CPU
		{A8BF6015-CC41-46A1-8F93-2E493E257521}.Release|Any CPU.ActiveCfg = Release|Any CPU
		{A8BF6015-CC41-46A1-8F93-2E493E257521}.Release|Any CPU.Build.0 = Release|Any CPU
	EndGlobalSection
	GlobalSection(SolutionProperties) = preSolution
		HideSolutionNode = FALSE
	EndGlobalSection
	GlobalSection(ExtensibilityGlobals) = postSolution
		SolutionGuid = {21AECFA7-AA67-425D-8D18-C1A717726FF5}
	EndGlobalSection
EndGlobal
