
Microsoft Visual Studio Solution File, Format Version 12.00
# Visual Studio Version 17
VisualStudioVersion = 17.9.34607.119
MinimumVisualStudioVersion = 10.0.40219.1
Project("{FAE04EC0-301F-11D3-BF4B-00C04F79EFBC}") = "Feladat", "Feladat\Feladat.csproj", "{BCAC4E16-11A7-48D5-98AE-AE82C235E74E}"
EndProject
Global
	GlobalSection(SolutionConfigurationPlatforms) = preSolution
		Debug|Any CPU = Debug|Any CPU
		Release|Any CPU = Release|Any CPU
	EndGlobalSection
	GlobalSection(ProjectConfigurationPlatforms) = postSolution
		{BCAC4E16-11A7-48D5-98AE-AE82C235E74E}.Debug|Any CPU.ActiveCfg = Debug|Any CPU
		{BCAC4E16-11A7-48D5-98AE-AE82C235E74E}.Debug|Any CPU.Build.0 = Debug|Any CPU
		{BCAC4E16-11A7-48D5-98AE-AE82C235E74E}.Release|Any CPU.ActiveCfg = Release|Any CPU
		{BCAC4E16-11A7-48D5-98AE-AE82C235E74E}.Release|Any CPU.Build.0 = Release|Any CPU
	EndGlobalSection
	GlobalSection(SolutionProperties) = preSolution
		HideSolutionNode = FALSE
	EndGlobalSection
	GlobalSection(ExtensibilityGlobals) = postSolution
		SolutionGuid = {71B95F8E-14A8-4B95-9E19-D47E7B08F93B}
	EndGlobalSection
EndGlobal
