
Microsoft Visual Studio Solution File, Format Version 12.00
# Visual Studio Version 17
VisualStudioVersion = 17.9.34607.119
MinimumVisualStudioVersion = 10.0.40219.1
Project("{FAE04EC0-301F-11D3-BF4B-00C04F79EFBC}") = "M6MovieClubSajat", "M6MovieClubSajat\M6MovieClubSajat.csproj", "{4DEEF839-F712-458E-8DFE-FE912F8C94E7}"
EndProject
Global
	GlobalSection(SolutionConfigurationPlatforms) = preSolution
		Debug|Any CPU = Debug|Any CPU
		Release|Any CPU = Release|Any CPU
	EndGlobalSection
	GlobalSection(ProjectConfigurationPlatforms) = postSolution
		{4DEEF839-F712-458E-8DFE-FE912F8C94E7}.Debug|Any CPU.ActiveCfg = Debug|Any CPU
		{4DEEF839-F712-458E-8DFE-FE912F8C94E7}.Debug|Any CPU.Build.0 = Debug|Any CPU
		{4DEEF839-F712-458E-8DFE-FE912F8C94E7}.Release|Any CPU.ActiveCfg = Release|Any CPU
		{4DEEF839-F712-458E-8DFE-FE912F8C94E7}.Release|Any CPU.Build.0 = Release|Any CPU
	EndGlobalSection
	GlobalSection(SolutionProperties) = preSolution
		HideSolutionNode = FALSE
	EndGlobalSection
	GlobalSection(ExtensibilityGlobals) = postSolution
		SolutionGuid = {654049BA-B681-4EF3-AD7A-71CACA705AA6}
	EndGlobalSection
EndGlobal
