
Microsoft Visual Studio Solution File, Format Version 12.00
# Visual Studio Version 17
VisualStudioVersion = 17.0.32112.339
MinimumVisualStudioVersion = 10.0.40219.1
Project("{FAE04EC0-301F-11D3-BF4B-00C04F79EFBC}") = "M6SessionManagement", "M6SessionManagement\M6SessionManagement.csproj", "{C2806272-A95F-400E-A893-81B8A83C7514}"
EndProject
Global
	GlobalSection(SolutionConfigurationPlatforms) = preSolution
		Debug|Any CPU = Debug|Any CPU
		Release|Any CPU = Release|Any CPU
	EndGlobalSection
	GlobalSection(ProjectConfigurationPlatforms) = postSolution
		{C2806272-A95F-400E-A893-81B8A83C7514}.Debug|Any CPU.ActiveCfg = Debug|Any CPU
		{C2806272-A95F-400E-A893-81B8A83C7514}.Debug|Any CPU.Build.0 = Debug|Any CPU
		{C2806272-A95F-400E-A893-81B8A83C7514}.Release|Any CPU.ActiveCfg = Release|Any CPU
		{C2806272-A95F-400E-A893-81B8A83C7514}.Release|Any CPU.Build.0 = Release|Any CPU
	EndGlobalSection
	GlobalSection(SolutionProperties) = preSolution
		HideSolutionNode = FALSE
	EndGlobalSection
	GlobalSection(ExtensibilityGlobals) = postSolution
		SolutionGuid = {4D07B20A-CA7D-4871-9D6F-1D0580956AA6}
	EndGlobalSection
EndGlobal
